// !$*UTF8*$!
{
	archiveVersion = 1;
	classes = {
	};
	objectVersion = 46;
	objects = {

/* Begin PBXBuildFile section */
		93BA34FE162DD7B70054BE35 /* GAParameter.C in Sources */ = {isa = PBXBuildFile; fileRef = 93C2D38D162B321B0011BEE3 /* GAParameter.C */; };
		93BA34FF162DD7C00054BE35 /* gaerror.C in Sources */ = {isa = PBXBuildFile; fileRef = 93C2D389162B32040011BEE3 /* gaerror.C */; };
		93BA3500162DD7CC0054BE35 /* GASStateGA.C in Sources */ = {isa = PBXBuildFile; fileRef = 93C2D38F162B32260011BEE3 /* GASStateGA.C */; };
		93BA3501162DD7D40054BE35 /* garandom.C in Sources */ = {isa = PBXBuildFile; fileRef = 93C2D38B162B320F0011BEE3 /* garandom.C */; };
		93BA3502162DD7DD0054BE35 /* GAListBASE.C in Sources */ = {isa = PBXBuildFile; fileRef = 93C2D386162B31EC0011BEE3 /* GAListBASE.C */; };
		93BA3503162DD7E60054BE35 /* GAPopulation.C in Sources */ = {isa = PBXBuildFile; fileRef = 93C2D391162B32350011BEE3 /* GAPopulation.C */; };
		93BA3504162DD7FA0054BE35 /* GAStatistics.C in Sources */ = {isa = PBXBuildFile; fileRef = 93C2D393162B32440011BEE3 /* GAStatistics.C */; };
		93BA3505162DD8020054BE35 /* GAScaling.C in Sources */ = {isa = PBXBuildFile; fileRef = 93C2D397162B32660011BEE3 /* GAScaling.C */; };
		93BA3506162DD80D0054BE35 /* GASelector.C in Sources */ = {isa = PBXBuildFile; fileRef = 93C2D395162B32590011BEE3 /* GASelector.C */; };
		93BA3507162DD80D0054BE35 /* GAGenome.C in Sources */ = {isa = PBXBuildFile; fileRef = 93C2D39B162B32830011BEE3 /* GAGenome.C */; };
		93BA3509162DD8490054BE35 /* GABaseGA.C in Sources */ = {isa = PBXBuildFile; fileRef = 93BA3508162DD8490054BE35 /* GABaseGA.C */; };
		93CDB31016264C8500351560 /* Cocoa.framework in Frameworks */ = {isa = PBXBuildFile; fileRef = 93CDB30F16264C8500351560 /* Cocoa.framework */; };
		93CDB31A16264C8500351560 /* InfoPlist.strings in Resources */ = {isa = PBXBuildFile; fileRef = 93CDB31816264C8500351560 /* InfoPlist.strings */; };
		93CDB31C16264C8500351560 /* main.m in Sources */ = {isa = PBXBuildFile; fileRef = 93CDB31B16264C8500351560 /* main.m */; };
		93CDB32016264C8500351560 /* Credits.rtf in Resources */ = {isa = PBXBuildFile; fileRef = 93CDB31E16264C8500351560 /* Credits.rtf */; };
		93CDB32316264C8500351560 /* SudokuAppDelegate.mm in Sources */ = {isa = PBXBuildFile; fileRef = 93CDB32216264C8500351560 /* SudokuAppDelegate.mm */; };
		93CDB32616264C8500351560 /* MainMenu.xib in Resources */ = {isa = PBXBuildFile; fileRef = 93CDB32416264C8500351560 /* MainMenu.xib */; };
		93CDB32E16264C8500351560 /* SenTestingKit.framework in Frameworks */ = {isa = PBXBuildFile; fileRef = 93CDB32D16264C8500351560 /* SenTestingKit.framework */; };
		93CDB32F16264C8500351560 /* Cocoa.framework in Frameworks */ = {isa = PBXBuildFile; fileRef = 93CDB30F16264C8500351560 /* Cocoa.framework */; };
		93CDB33716264C8500351560 /* InfoPlist.strings in Resources */ = {isa = PBXBuildFile; fileRef = 93CDB33516264C8500351560 /* InfoPlist.strings */; };
		93CDB33A16264C8500351560 /* SudokuTests.m in Sources */ = {isa = PBXBuildFile; fileRef = 93CDB33916264C8500351560 /* SudokuTests.m */; };
		93CDB34616264CDA00351560 /* qqwing.cpp in Sources */ = {isa = PBXBuildFile; fileRef = 93CDB34416264CDA00351560 /* qqwing.cpp */; };
		93CDB34716264CDA00351560 /* qqwing.cpp in Sources */ = {isa = PBXBuildFile; fileRef = 93CDB34416264CDA00351560 /* qqwing.cpp */; };
		93CDB352162650A500351560 /* SudokuModel.mm in Sources */ = {isa = PBXBuildFile; fileRef = 93CDB351162650A500351560 /* SudokuModel.mm */; };
		93CDB354162653D100351560 /* SudokuWindow.xib in Resources */ = {isa = PBXBuildFile; fileRef = 93CDB353162653D100351560 /* SudokuWindow.xib */; };
		93CDB3571626551C00351560 /* SudokuWindowController.mm in Sources */ = {isa = PBXBuildFile; fileRef = 93CDB3561626551C00351560 /* SudokuWindowController.mm */; };
		93CDB35A162658E600351560 /* SudokuView.mm in Sources */ = {isa = PBXBuildFile; fileRef = 93CDB359162658E600351560 /* SudokuView.mm */; };
/* End PBXBuildFile section */

/* Begin PBXContainerItemProxy section */
		93CDB33016264C8500351560 /* PBXContainerItemProxy */ = {
			isa = PBXContainerItemProxy;
			containerPortal = 93CDB30216264C8500351560 /* Project object */;
			proxyType = 1;
			remoteGlobalIDString = 93CDB30A16264C8500351560;
			remoteInfo = Sudoku;
		};
/* End PBXContainerItemProxy section */

/* Begin PBXFileReference section */
		93BA3508162DD8490054BE35 /* GABaseGA.C */ = {isa = PBXFileReference; fileEncoding = 4; lastKnownFileType = sourcecode.cpp.cpp; name = GABaseGA.C; path = ga/GABaseGA.C; sourceTree = "<group>"; };
		93C2D386162B31EC0011BEE3 /* GAListBASE.C */ = {isa = PBXFileReference; fileEncoding = 4; lastKnownFileType = sourcecode.cpp.cpp; name = GAListBASE.C; path = ga/GAListBASE.C; sourceTree = "<group>"; };
		93C2D389162B32040011BEE3 /* gaerror.C */ = {isa = PBXFileReference; fileEncoding = 4; lastKnownFileType = sourcecode.cpp.cpp; name = gaerror.C; path = ga/gaerror.C; sourceTree = "<group>"; };
		93C2D38B162B320F0011BEE3 /* garandom.C */ = {isa = PBXFileReference; fileEncoding = 4; lastKnownFileType = sourcecode.cpp.cpp; name = garandom.C; path = ga/garandom.C; sourceTree = "<group>"; };
		93C2D38D162B321B0011BEE3 /* GAParameter.C */ = {isa = PBXFileReference; fileEncoding = 4; lastKnownFileType = sourcecode.cpp.cpp; name = GAParameter.C; path = ga/GAParameter.C; sourceTree = "<group>"; };
		93C2D38F162B32260011BEE3 /* GASStateGA.C */ = {isa = PBXFileReference; fileEncoding = 4; lastKnownFileType = sourcecode.cpp.cpp; name = GASStateGA.C; path = ga/GASStateGA.C; sourceTree = "<group>"; };
		93C2D391162B32350011BEE3 /* GAPopulation.C */ = {isa = PBXFileReference; fileEncoding = 4; lastKnownFileType = sourcecode.cpp.cpp; name = GAPopulation.C; path = ga/GAPopulation.C; sourceTree = "<group>"; };
		93C2D393162B32440011BEE3 /* GAStatistics.C */ = {isa = PBXFileReference; fileEncoding = 4; lastKnownFileType = sourcecode.cpp.cpp; name = GAStatistics.C; path = ga/GAStatistics.C; sourceTree = "<group>"; };
		93C2D395162B32590011BEE3 /* GASelector.C */ = {isa = PBXFileReference; fileEncoding = 4; lastKnownFileType = sourcecode.cpp.cpp; name = GASelector.C; path = ga/GASelector.C; sourceTree = "<group>"; };
		93C2D397162B32660011BEE3 /* GAScaling.C */ = {isa = PBXFileReference; fileEncoding = 4; lastKnownFileType = sourcecode.cpp.cpp; name = GAScaling.C; path = ga/GAScaling.C; sourceTree = "<group>"; };
		93C2D39B162B32830011BEE3 /* GAGenome.C */ = {isa = PBXFileReference; fileEncoding = 4; lastKnownFileType = sourcecode.cpp.cpp; name = GAGenome.C; path = ga/GAGenome.C; sourceTree = "<group>"; };
		93C2D39D162B328E0011BEE3 /* GASelector.C */ = {isa = PBXFileReference; fileEncoding = 4; lastKnownFileType = sourcecode.cpp.cpp; name = GASelector.C; path = ga/GASelector.C; sourceTree = "<group>"; };
		93CDB30B16264C8500351560 /* Sudoku.app */ = {isa = PBXFileReference; explicitFileType = wrapper.application; includeInIndex = 0; path = Sudoku.app; sourceTree = BUILT_PRODUCTS_DIR; };
		93CDB30F16264C8500351560 /* Cocoa.framework */ = {isa = PBXFileReference; lastKnownFileType = wrapper.framework; name = Cocoa.framework; path = System/Library/Frameworks/Cocoa.framework; sourceTree = SDKROOT; };
		93CDB31216264C8500351560 /* AppKit.framework */ = {isa = PBXFileReference; lastKnownFileType = wrapper.framework; name = AppKit.framework; path = System/Library/Frameworks/AppKit.framework; sourceTree = SDKROOT; };
		93CDB31416264C8500351560 /* Foundation.framework */ = {isa = PBXFileReference; lastKnownFileType = wrapper.framework; name = Foundation.framework; path = System/Library/Frameworks/Foundation.framework; sourceTree = SDKROOT; };
		93CDB31716264C8500351560 /* Sudoku-Info.plist */ = {isa = PBXFileReference; lastKnownFileType = text.plist.xml; path = "Sudoku-Info.plist"; sourceTree = "<group>"; };
		93CDB31916264C8500351560 /* en */ = {isa = PBXFileReference; lastKnownFileType = text.plist.strings; name = en; path = en.lproj/InfoPlist.strings; sourceTree = "<group>"; };
		93CDB31B16264C8500351560 /* main.m */ = {isa = PBXFileReference; lastKnownFileType = sourcecode.c.objc; path = main.m; sourceTree = "<group>"; };
		93CDB31D16264C8500351560 /* Sudoku-Prefix.pch */ = {isa = PBXFileReference; lastKnownFileType = sourcecode.c.h; path = "Sudoku-Prefix.pch"; sourceTree = "<group>"; };
		93CDB31F16264C8500351560 /* en */ = {isa = PBXFileReference; lastKnownFileType = text.rtf; name = en; path = en.lproj/Credits.rtf; sourceTree = "<group>"; };
		93CDB32116264C8500351560 /* SudokuAppDelegate.h */ = {isa = PBXFileReference; lastKnownFileType = sourcecode.c.h; path = SudokuAppDelegate.h; sourceTree = "<group>"; };
		93CDB32216264C8500351560 /* SudokuAppDelegate.mm */ = {isa = PBXFileReference; lastKnownFileType = sourcecode.cpp.objcpp; path = SudokuAppDelegate.mm; sourceTree = "<group>"; };
		93CDB32516264C8500351560 /* en */ = {isa = PBXFileReference; lastKnownFileType = file.xib; name = en; path = en.lproj/MainMenu.xib; sourceTree = "<group>"; };
		93CDB32C16264C8500351560 /* SudokuTests.octest */ = {isa = PBXFileReference; explicitFileType = wrapper.cfbundle; includeInIndex = 0; path = SudokuTests.octest; sourceTree = BUILT_PRODUCTS_DIR; };
		93CDB32D16264C8500351560 /* SenTestingKit.framework */ = {isa = PBXFileReference; lastKnownFileType = wrapper.framework; name = SenTestingKit.framework; path = Library/Frameworks/SenTestingKit.framework; sourceTree = DEVELOPER_DIR; };
		93CDB33416264C8500351560 /* SudokuTests-Info.plist */ = {isa = PBXFileReference; lastKnownFileType = text.plist.xml; path = "SudokuTests-Info.plist"; sourceTree = "<group>"; };
		93CDB33616264C8500351560 /* en */ = {isa = PBXFileReference; lastKnownFileType = text.plist.strings; name = en; path = en.lproj/InfoPlist.strings; sourceTree = "<group>"; };
		93CDB33816264C8500351560 /* SudokuTests.h */ = {isa = PBXFileReference; lastKnownFileType = sourcecode.c.h; path = SudokuTests.h; sourceTree = "<group>"; };
		93CDB33916264C8500351560 /* SudokuTests.m */ = {isa = PBXFileReference; lastKnownFileType = sourcecode.c.objc; path = SudokuTests.m; sourceTree = "<group>"; };
		93CDB34316264CDA00351560 /* config.h */ = {isa = PBXFileReference; fileEncoding = 4; lastKnownFileType = sourcecode.c.h; path = config.h; sourceTree = "<group>"; };
		93CDB34416264CDA00351560 /* qqwing.cpp */ = {isa = PBXFileReference; fileEncoding = 4; lastKnownFileType = sourcecode.cpp.cpp; path = qqwing.cpp; sourceTree = "<group>"; };
		93CDB34516264CDA00351560 /* qqwing.h */ = {isa = PBXFileReference; fileEncoding = 4; lastKnownFileType = sourcecode.c.h; path = qqwing.h; sourceTree = "<group>"; };
		93CDB350162650A500351560 /* SudokuModel.h */ = {isa = PBXFileReference; fileEncoding = 4; lastKnownFileType = sourcecode.c.h; path = SudokuModel.h; sourceTree = "<group>"; };
		93CDB351162650A500351560 /* SudokuModel.mm */ = {isa = PBXFileReference; fileEncoding = 4; lastKnownFileType = sourcecode.cpp.objcpp; path = SudokuModel.mm; sourceTree = "<group>"; };
		93CDB353162653D100351560 /* SudokuWindow.xib */ = {isa = PBXFileReference; fileEncoding = 4; lastKnownFileType = file.xib; path = SudokuWindow.xib; sourceTree = "<group>"; };
		93CDB3551626551B00351560 /* SudokuWindowController.h */ = {isa = PBXFileReference; fileEncoding = 4; lastKnownFileType = sourcecode.c.h; path = SudokuWindowController.h; sourceTree = "<group>"; };
		93CDB3561626551C00351560 /* SudokuWindowController.mm */ = {isa = PBXFileReference; fileEncoding = 4; lastKnownFileType = sourcecode.cpp.objcpp; path = SudokuWindowController.mm; sourceTree = "<group>"; };
		93CDB358162658E600351560 /* SudokuView.h */ = {isa = PBXFileReference; fileEncoding = 4; lastKnownFileType = sourcecode.c.h; path = SudokuView.h; sourceTree = "<group>"; };
		93CDB359162658E600351560 /* SudokuView.mm */ = {isa = PBXFileReference; fileEncoding = 4; lastKnownFileType = sourcecode.cpp.objcpp; path = SudokuView.mm; sourceTree = "<group>"; };
/* End PBXFileReference section */

/* Begin PBXFrameworksBuildPhase section */
		93CDB30816264C8500351560 /* Frameworks */ = {
			isa = PBXFrameworksBuildPhase;
			buildActionMask = 2147483647;
			files = (
				93CDB31016264C8500351560 /* Cocoa.framework in Frameworks */,
			);
			runOnlyForDeploymentPostprocessing = 0;
		};
		93CDB32816264C8500351560 /* Frameworks */ = {
			isa = PBXFrameworksBuildPhase;
			buildActionMask = 2147483647;
			files = (
				93CDB32E16264C8500351560 /* SenTestingKit.framework in Frameworks */,
				93CDB32F16264C8500351560 /* Cocoa.framework in Frameworks */,
			);
			runOnlyForDeploymentPostprocessing = 0;
		};
/* End PBXFrameworksBuildPhase section */

/* Begin PBXGroup section */
		93C2D388162B31F10011BEE3 /* GA */ = {
			isa = PBXGroup;
			children = (
				93BA3508162DD8490054BE35 /* GABaseGA.C */,
				93C2D395162B32590011BEE3 /* GASelector.C */,
				93C2D389162B32040011BEE3 /* gaerror.C */,
				93C2D39B162B32830011BEE3 /* GAGenome.C */,
				93C2D386162B31EC0011BEE3 /* GAListBASE.C */,
				93C2D38D162B321B0011BEE3 /* GAParameter.C */,
				93C2D391162B32350011BEE3 /* GAPopulation.C */,
				93C2D38B162B320F0011BEE3 /* garandom.C */,
				93C2D397162B32660011BEE3 /* GAScaling.C */,
				93C2D39D162B328E0011BEE3 /* GASelector.C */,
				93C2D38F162B32260011BEE3 /* GASStateGA.C */,
				93C2D393162B32440011BEE3 /* GAStatistics.C */,
			);
			name = GA;
			path = "galib247 (modified)";
			sourceTree = SOURCE_ROOT;
		};
		93CDB30016264C8500351560 = {
			isa = PBXGroup;
			children = (
				93CDB31516264C8500351560 /* Sudoku */,
				93CDB32416264C8500351560 /* MainMenu.xib */,
				93CDB31616264C8500351560 /* Supporting Files */,
				93CDB33216264C8500351560 /* SudokuTests */,
				93C2D388162B31F10011BEE3 /* GA */,
				93CDB34816264CE000351560 /* qqwing */,
				93CDB30E16264C8500351560 /* Frameworks */,
				93CDB30C16264C8500351560 /* Products */,
			);
			sourceTree = "<group>";
		};
		93CDB30C16264C8500351560 /* Products */ = {
			isa = PBXGroup;
			children = (
				93CDB30B16264C8500351560 /* Sudoku.app */,
				93CDB32C16264C8500351560 /* SudokuTests.octest */,
			);
			name = Products;
			sourceTree = "<group>";
		};
		93CDB30E16264C8500351560 /* Frameworks */ = {
			isa = PBXGroup;
			children = (
				93CDB30F16264C8500351560 /* Cocoa.framework */,
				93CDB32D16264C8500351560 /* SenTestingKit.framework */,
				93CDB31116264C8500351560 /* Other Frameworks */,
			);
			name = Frameworks;
			sourceTree = "<group>";
		};
		93CDB31116264C8500351560 /* Other Frameworks */ = {
			isa = PBXGroup;
			children = (
				93CDB31216264C8500351560 /* AppKit.framework */,
				93CDB31416264C8500351560 /* Foundation.framework */,
			);
			name = "Other Frameworks";
			sourceTree = "<group>";
		};
		93CDB31516264C8500351560 /* Sudoku */ = {
			isa = PBXGroup;
			children = (
				93CDB32116264C8500351560 /* SudokuAppDelegate.h */,
				93CDB32216264C8500351560 /* SudokuAppDelegate.mm */,
				93CDB350162650A500351560 /* SudokuModel.h */,
				93CDB351162650A500351560 /* SudokuModel.mm */,
				93CDB353162653D100351560 /* SudokuWindow.xib */,
				93CDB3551626551B00351560 /* SudokuWindowController.h */,
				93CDB3561626551C00351560 /* SudokuWindowController.mm */,
				93CDB358162658E600351560 /* SudokuView.h */,
				93CDB359162658E600351560 /* SudokuView.mm */,
			);
			path = Sudoku;
			sourceTree = "<group>";
		};
		93CDB31616264C8500351560 /* Supporting Files */ = {
			isa = PBXGroup;
			children = (
				93CDB31716264C8500351560 /* Sudoku-Info.plist */,
				93CDB31816264C8500351560 /* InfoPlist.strings */,
				93CDB31B16264C8500351560 /* main.m */,
				93CDB31D16264C8500351560 /* Sudoku-Prefix.pch */,
				93CDB31E16264C8500351560 /* Credits.rtf */,
			);
			name = "Supporting Files";
			path = Sudoku;
			sourceTree = "<group>";
		};
		93CDB33216264C8500351560 /* SudokuTests */ = {
			isa = PBXGroup;
			children = (
				93CDB33816264C8500351560 /* SudokuTests.h */,
				93CDB33916264C8500351560 /* SudokuTests.m */,
				93CDB33316264C8500351560 /* Supporting Files */,
			);
			path = SudokuTests;
			sourceTree = "<group>";
		};
		93CDB33316264C8500351560 /* Supporting Files */ = {
			isa = PBXGroup;
			children = (
				93CDB33416264C8500351560 /* SudokuTests-Info.plist */,
				93CDB33516264C8500351560 /* InfoPlist.strings */,
			);
			name = "Supporting Files";
			sourceTree = "<group>";
		};
		93CDB34816264CE000351560 /* qqwing */ = {
			isa = PBXGroup;
			children = (
				93CDB34316264CDA00351560 /* config.h */,
				93CDB34416264CDA00351560 /* qqwing.cpp */,
				93CDB34516264CDA00351560 /* qqwing.h */,
			);
			name = qqwing;
			path = "qqwing (modified)";
			sourceTree = SOURCE_ROOT;
		};
/* End PBXGroup section */

/* Begin PBXNativeTarget section */
		93CDB30A16264C8500351560 /* Sudoku */ = {
			isa = PBXNativeTarget;
			buildConfigurationList = 93CDB33D16264C8500351560 /* Build configuration list for PBXNativeTarget "Sudoku" */;
			buildPhases = (
				93CDB30716264C8500351560 /* Sources */,
				93CDB30816264C8500351560 /* Frameworks */,
				93CDB30916264C8500351560 /* Resources */,
			);
			buildRules = (
			);
			dependencies = (
			);
			name = Sudoku;
			productName = Sudoku;
			productReference = 93CDB30B16264C8500351560 /* Sudoku.app */;
			productType = "com.apple.product-type.application";
		};
		93CDB32B16264C8500351560 /* SudokuTests */ = {
			isa = PBXNativeTarget;
			buildConfigurationList = 93CDB34016264C8500351560 /* Build configuration list for PBXNativeTarget "SudokuTests" */;
			buildPhases = (
				93CDB32716264C8500351560 /* Sources */,
				93CDB32816264C8500351560 /* Frameworks */,
				93CDB32916264C8500351560 /* Resources */,
				93CDB32A16264C8500351560 /* ShellScript */,
			);
			buildRules = (
			);
			dependencies = (
				93CDB33116264C8500351560 /* PBXTargetDependency */,
			);
			name = SudokuTests;
			productName = SudokuTests;
			productReference = 93CDB32C16264C8500351560 /* SudokuTests.octest */;
			productType = "com.apple.product-type.bundle";
		};
/* End PBXNativeTarget section */

/* Begin PBXProject section */
		93CDB30216264C8500351560 /* Project object */ = {
			isa = PBXProject;
			attributes = {
				CLASSPREFIX = Sudoku;
				LastUpgradeCheck = 0450;
				ORGANIZATIONNAME = aGGROcULTURE;
			};
			buildConfigurationList = 93CDB30516264C8500351560 /* Build configuration list for PBXProject "Sudoku" */;
			compatibilityVersion = "Xcode 3.2";
			developmentRegion = English;
			hasScannedForEncodings = 0;
			knownRegions = (
				en,
			);
			mainGroup = 93CDB30016264C8500351560;
			productRefGroup = 93CDB30C16264C8500351560 /* Products */;
			projectDirPath = "";
			projectRoot = "";
			targets = (
				93CDB30A16264C8500351560 /* Sudoku */,
				93CDB32B16264C8500351560 /* SudokuTests */,
			);
		};
/* End PBXProject section */

/* Begin PBXResourcesBuildPhase section */
		93CDB30916264C8500351560 /* Resources */ = {
			isa = PBXResourcesBuildPhase;
			buildActionMask = 2147483647;
			files = (
				93CDB31A16264C8500351560 /* InfoPlist.strings in Resources */,
				93CDB32016264C8500351560 /* Credits.rtf in Resources */,
				93CDB32616264C8500351560 /* MainMenu.xib in Resources */,
				93CDB354162653D100351560 /* SudokuWindow.xib in Resources */,
			);
			runOnlyForDeploymentPostprocessing = 0;
		};
		93CDB32916264C8500351560 /* Resources */ = {
			isa = PBXResourcesBuildPhase;
			buildActionMask = 2147483647;
			files = (
				93CDB33716264C8500351560 /* InfoPlist.strings in Resources */,
			);
			runOnlyForDeploymentPostprocessing = 0;
		};
/* End PBXResourcesBuildPhase section */

/* Begin PBXShellScriptBuildPhase section */
		93CDB32A16264C8500351560 /* ShellScript */ = {
			isa = PBXShellScriptBuildPhase;
			buildActionMask = 2147483647;
			files = (
			);
			inputPaths = (
			);
			outputPaths = (
			);
			runOnlyForDeploymentPostprocessing = 0;
			shellPath = /bin/sh;
			shellScript = "# Run the unit tests in this test bundle.\n\"${SYSTEM_DEVELOPER_DIR}/Tools/RunUnitTests\"\n";
		};
/* End PBXShellScriptBuildPhase section */

/* Begin PBXSourcesBuildPhase section */
		93CDB30716264C8500351560 /* Sources */ = {
			isa = PBXSourcesBuildPhase;
			buildActionMask = 2147483647;
			files = (
				93CDB31C16264C8500351560 /* main.m in Sources */,
				93CDB32316264C8500351560 /* SudokuAppDelegate.mm in Sources */,
				93CDB34616264CDA00351560 /* qqwing.cpp in Sources */,
				93CDB352162650A500351560 /* SudokuModel.mm in Sources */,
				93CDB3571626551C00351560 /* SudokuWindowController.mm in Sources */,
				93CDB35A162658E600351560 /* SudokuView.mm in Sources */,
				93BA34FE162DD7B70054BE35 /* GAParameter.C in Sources */,
				93BA34FF162DD7C00054BE35 /* gaerror.C in Sources */,
				93BA3500162DD7CC0054BE35 /* GASStateGA.C in Sources */,
				93BA3501162DD7D40054BE35 /* garandom.C in Sources */,
				93BA3502162DD7DD0054BE35 /* GAListBASE.C in Sources */,
				93BA3503162DD7E60054BE35 /* GAPopulation.C in Sources */,
				93BA3504162DD7FA0054BE35 /* GAStatistics.C in Sources */,
				93BA3505162DD8020054BE35 /* GAScaling.C in Sources */,
				93BA3506162DD80D0054BE35 /* GASelector.C in Sources */,
				93BA3507162DD80D0054BE35 /* GAGenome.C in Sources */,
				93BA3509162DD8490054BE35 /* GABaseGA.C in Sources */,
			);
			runOnlyForDeploymentPostprocessing = 0;
		};
		93CDB32716264C8500351560 /* Sources */ = {
			isa = PBXSourcesBuildPhase;
			buildActionMask = 2147483647;
			files = (
				93CDB33A16264C8500351560 /* SudokuTests.m in Sources */,
				93CDB34716264CDA00351560 /* qqwing.cpp in Sources */,
			);
			runOnlyForDeploymentPostprocessing = 0;
		};
/* End PBXSourcesBuildPhase section */

/* Begin PBXTargetDependency section */
		93CDB33116264C8500351560 /* PBXTargetDependency */ = {
			isa = PBXTargetDependency;
			target = 93CDB30A16264C8500351560 /* Sudoku */;
			targetProxy = 93CDB33016264C8500351560 /* PBXContainerItemProxy */;
		};
/* End PBXTargetDependency section */

/* Begin PBXVariantGroup section */
		93CDB31816264C8500351560 /* InfoPlist.strings */ = {
			isa = PBXVariantGroup;
			children = (
				93CDB31916264C8500351560 /* en */,
			);
			name = InfoPlist.strings;
			sourceTree = "<group>";
		};
		93CDB31E16264C8500351560 /* Credits.rtf */ = {
			isa = PBXVariantGroup;
			children = (
				93CDB31F16264C8500351560 /* en */,
			);
			name = Credits.rtf;
			sourceTree = "<group>";
		};
		93CDB32416264C8500351560 /* MainMenu.xib */ = {
			isa = PBXVariantGroup;
			children = (
				93CDB32516264C8500351560 /* en */,
			);
			name = MainMenu.xib;
			path = Sudoku;
			sourceTree = "<group>";
		};
		93CDB33516264C8500351560 /* InfoPlist.strings */ = {
			isa = PBXVariantGroup;
			children = (
				93CDB33616264C8500351560 /* en */,
			);
			name = InfoPlist.strings;
			sourceTree = "<group>";
		};
/* End PBXVariantGroup section */

/* Begin XCBuildConfiguration section */
		93CDB33B16264C8500351560 /* Debug */ = {
			isa = XCBuildConfiguration;
			buildSettings = {
				ARCHS = "$(ARCHS_STANDARD_32_64_BIT)";
				GCC_OPTIMIZATION_LEVEL = 0;
				GCC_PREPROCESSOR_DEFINITIONS = (
					"DEBUG=1",
					"$(inherited)",
				);
				HEADER_SEARCH_PATHS = (
					"\"$(SRCROOT)/galib247 (modified)\"",
				);
			};
			name = Debug;
		};
		93CDB33C16264C8500351560 /* Release */ = {
			isa = XCBuildConfiguration;
			buildSettings = {
				ARCHS = "$(ARCHS_STANDARD_32_64_BIT)";
				HEADER_SEARCH_PATHS = (
					"\"$(SRCROOT)/galib247 (modified)\"",
				);
			};
			name = Release;
		};
		93CDB33E16264C8500351560 /* Debug */ = {
			isa = XCBuildConfiguration;
			buildSettings = {
				GCC_PRECOMPILE_PREFIX_HEADER = YES;
				GCC_PREFIX_HEADER = "Sudoku/Sudoku-Prefix.pch";
				INFOPLIST_FILE = "Sudoku/Sudoku-Info.plist";
				PRODUCT_NAME = "$(TARGET_NAME)";
				WRAPPER_EXTENSION = app;
			};
			name = Debug;
		};
		93CDB33F16264C8500351560 /* Release */ = {
			isa = XCBuildConfiguration;
			buildSettings = {
				GCC_PRECOMPILE_PREFIX_HEADER = YES;
				GCC_PREFIX_HEADER = "Sudoku/Sudoku-Prefix.pch";
				INFOPLIST_FILE = "Sudoku/Sudoku-Info.plist";
				PRODUCT_NAME = "$(TARGET_NAME)";
				WRAPPER_EXTENSION = app;
			};
			name = Release;
		};
		93CDB34116264C8500351560 /* Debug */ = {
			isa = XCBuildConfiguration;
			buildSettings = {
				BUNDLE_LOADER = "$(BUILT_PRODUCTS_DIR)/Sudoku.app/Contents/MacOS/Sudoku";
				COMBINE_HIDPI_IMAGES = YES;
				FRAMEWORK_SEARCH_PATHS = "\"$(DEVELOPER_LIBRARY_DIR)/Frameworks\"";
				GCC_PRECOMPILE_PREFIX_HEADER = YES;
				GCC_PREFIX_HEADER = "Sudoku/Sudoku-Prefix.pch";
				INFOPLIST_FILE = "SudokuTests/SudokuTests-Info.plist";
				LIBRARY_SEARCH_PATHS = (
					"$(inherited)",
					"\"$(SRCROOT)\"",
				);
				PRODUCT_NAME = "$(TARGET_NAME)";
				TEST_HOST = "$(BUNDLE_LOADER)";
				WRAPPER_EXTENSION = octest;
			};
			name = Debug;
		};
		93CDB34216264C8500351560 /* Release */ = {
			isa = XCBuildConfiguration;
			buildSettings = {
				BUNDLE_LOADER = "$(BUILT_PRODUCTS_DIR)/Sudoku.app/Contents/MacOS/Sudoku";
				COMBINE_HIDPI_IMAGES = YES;
				FRAMEWORK_SEARCH_PATHS = "\"$(DEVELOPER_LIBRARY_DIR)/Frameworks\"";
				GCC_PRECOMPILE_PREFIX_HEADER = YES;
				GCC_PREFIX_HEADER = "Sudoku/Sudoku-Prefix.pch";
				INFOPLIST_FILE = "SudokuTests/SudokuTests-Info.plist";
				LIBRARY_SEARCH_PATHS = (
					"$(inherited)",
					"\"$(SRCROOT)\"",
				);
				PRODUCT_NAME = "$(TARGET_NAME)";
				TEST_HOST = "$(BUNDLE_LOADER)";
				WRAPPER_EXTENSION = octest;
			};
			name = Release;
		};
/* End XCBuildConfiguration section */

/* Begin XCConfigurationList section */
		93CDB30516264C8500351560 /* Build configuration list for PBXProject "Sudoku" */ = {
			isa = XCConfigurationList;
			buildConfigurations = (
				93CDB33B16264C8500351560 /* Debug */,
				93CDB33C16264C8500351560 /* Release */,
			);
			defaultConfigurationIsVisible = 0;
			defaultConfigurationName = Release;
		};
		93CDB33D16264C8500351560 /* Build configuration list for PBXNativeTarget "Sudoku" */ = {
			isa = XCConfigurationList;
			buildConfigurations = (
				93CDB33E16264C8500351560 /* Debug */,
				93CDB33F16264C8500351560 /* Release */,
			);
			defaultConfigurationIsVisible = 0;
			defaultConfigurationName = Release;
		};
		93CDB34016264C8500351560 /* Build configuration list for PBXNativeTarget "SudokuTests" */ = {
			isa = XCConfigurationList;
			buildConfigurations = (
				93CDB34116264C8500351560 /* Debug */,
				93CDB34216264C8500351560 /* Release */,
			);
			defaultConfigurationIsVisible = 0;
			defaultConfigurationName = Release;
		};
/* End XCConfigurationList section */
	};
	rootObject = 93CDB30216264C8500351560 /* Project object */;
}
