// !$*UTF8*$!
{
	archiveVersion = 1;
	classes = {
	};
	objectVersion = 46;
	objects = {

/* Begin PBXBuildFile section */
		A5FE325116FD333200BD11C7 /* Cocoa.framework in Frameworks */ = {isa = PBXBuildFile; fileRef = A5FE325016FD333200BD11C7 /* Cocoa.framework */; };
		A5FE325B16FD333200BD11C7 /* InfoPlist.strings in Resources */ = {isa = PBXBuildFile; fileRef = A5FE325916FD333200BD11C7 /* InfoPlist.strings */; };
		A5FE325D16FD333200BD11C7 /* main.m in Sources */ = {isa = PBXBuildFile; fileRef = A5FE325C16FD333200BD11C7 /* main.m */; };
		A5FE326116FD333200BD11C7 /* Credits.rtf in Resources */ = {isa = PBXBuildFile; fileRef = A5FE325F16FD333200BD11C7 /* Credits.rtf */; };
		A5FE326416FD333200BD11C7 /* SudokuAppDelegate.m in Sources */ = {isa = PBXBuildFile; fileRef = A5FE326316FD333200BD11C7 /* SudokuAppDelegate.m */; };
		A5FE326716FD333200BD11C7 /* MainMenu.xib in Resources */ = {isa = PBXBuildFile; fileRef = A5FE326516FD333200BD11C7 /* MainMenu.xib */; };
		A5FE326F16FD333300BD11C7 /* SenTestingKit.framework in Frameworks */ = {isa = PBXBuildFile; fileRef = A5FE326E16FD333300BD11C7 /* SenTestingKit.framework */; };
		A5FE327016FD333300BD11C7 /* Cocoa.framework in Frameworks */ = {isa = PBXBuildFile; fileRef = A5FE325016FD333200BD11C7 /* Cocoa.framework */; };
		A5FE327816FD333300BD11C7 /* InfoPlist.strings in Resources */ = {isa = PBXBuildFile; fileRef = A5FE327616FD333300BD11C7 /* InfoPlist.strings */; };
		A5FE327B16FD333300BD11C7 /* SudokuTests.m in Sources */ = {isa = PBXBuildFile; fileRef = A5FE327A16FD333300BD11C7 /* SudokuTests.m */; };
		A5FE328816FD335F00BD11C7 /* qqwing.cpp in Sources */ = {isa = PBXBuildFile; fileRef = A5FE328616FD335F00BD11C7 /* qqwing.cpp */; };
		A5FE328B16FD337B00BD11C7 /* SudokuModel.mm in Sources */ = {isa = PBXBuildFile; fileRef = A5FE328A16FD337B00BD11C7 /* SudokuModel.mm */; };
		A5FE328E16FD338A00BD11C7 /* SudokuWindowController.m in Sources */ = {isa = PBXBuildFile; fileRef = A5FE328D16FD338A00BD11C7 /* SudokuWindowController.m */; };
		A5FE329116FD33AA00BD11C7 /* SudokuView.m in Sources */ = {isa = PBXBuildFile; fileRef = A5FE329016FD33AA00BD11C7 /* SudokuView.m */; };
		A5FE329316FD33B900BD11C7 /* SudokuWindow.xib in Resources */ = {isa = PBXBuildFile; fileRef = A5FE329216FD33B900BD11C7 /* SudokuWindow.xib */; };
/* End PBXBuildFile section */

/* Begin PBXContainerItemProxy section */
		A5FE327116FD333300BD11C7 /* PBXContainerItemProxy */ = {
			isa = PBXContainerItemProxy;
			containerPortal = A5FE324516FD333200BD11C7 /* Project object */;
			proxyType = 1;
			remoteGlobalIDString = A5FE324C16FD333200BD11C7;
			remoteInfo = Sudoku;
		};
/* End PBXContainerItemProxy section */

/* Begin PBXFileReference section */
		A5FE324D16FD333200BD11C7 /* Sudoku.app */ = {isa = PBXFileReference; explicitFileType = wrapper.application; includeInIndex = 0; path = Sudoku.app; sourceTree = BUILT_PRODUCTS_DIR; };
		A5FE325016FD333200BD11C7 /* Cocoa.framework */ = {isa = PBXFileReference; lastKnownFileType = wrapper.framework; name = Cocoa.framework; path = System/Library/Frameworks/Cocoa.framework; sourceTree = SDKROOT; };
		A5FE325316FD333200BD11C7 /* AppKit.framework */ = {isa = PBXFileReference; lastKnownFileType = wrapper.framework; name = AppKit.framework; path = System/Library/Frameworks/AppKit.framework; sourceTree = SDKROOT; };
		A5FE325416FD333200BD11C7 /* CoreData.framework */ = {isa = PBXFileReference; lastKnownFileType = wrapper.framework; name = CoreData.framework; path = System/Library/Frameworks/CoreData.framework; sourceTree = SDKROOT; };
		A5FE325516FD333200BD11C7 /* Foundation.framework */ = {isa = PBXFileReference; lastKnownFileType = wrapper.framework; name = Foundation.framework; path = System/Library/Frameworks/Foundation.framework; sourceTree = SDKROOT; };
		A5FE325816FD333200BD11C7 /* Sudoku-Info.plist */ = {isa = PBXFileReference; lastKnownFileType = text.plist.xml; path = "Sudoku-Info.plist"; sourceTree = "<group>"; };
		A5FE325A16FD333200BD11C7 /* en */ = {isa = PBXFileReference; lastKnownFileType = text.plist.strings; name = en; path = en.lproj/InfoPlist.strings; sourceTree = "<group>"; };
		A5FE325C16FD333200BD11C7 /* main.m */ = {isa = PBXFileReference; lastKnownFileType = sourcecode.c.objc; path = main.m; sourceTree = "<group>"; };
		A5FE325E16FD333200BD11C7 /* Sudoku-Prefix.pch */ = {isa = PBXFileReference; lastKnownFileType = sourcecode.c.h; path = "Sudoku-Prefix.pch"; sourceTree = "<group>"; };
		A5FE326016FD333200BD11C7 /* en */ = {isa = PBXFileReference; lastKnownFileType = text.rtf; name = en; path = en.lproj/Credits.rtf; sourceTree = "<group>"; };
		A5FE326216FD333200BD11C7 /* SudokuAppDelegate.h */ = {isa = PBXFileReference; lastKnownFileType = sourcecode.c.h; path = SudokuAppDelegate.h; sourceTree = "<group>"; };
		A5FE326316FD333200BD11C7 /* SudokuAppDelegate.m */ = {isa = PBXFileReference; lastKnownFileType = sourcecode.c.objc; path = SudokuAppDelegate.m; sourceTree = "<group>"; };
		A5FE326616FD333200BD11C7 /* en */ = {isa = PBXFileReference; lastKnownFileType = file.xib; name = en; path = en.lproj/MainMenu.xib; sourceTree = "<group>"; };
		A5FE326D16FD333300BD11C7 /* SudokuTests.octest */ = {isa = PBXFileReference; explicitFileType = wrapper.cfbundle; includeInIndex = 0; path = SudokuTests.octest; sourceTree = BUILT_PRODUCTS_DIR; };
		A5FE326E16FD333300BD11C7 /* SenTestingKit.framework */ = {isa = PBXFileReference; lastKnownFileType = wrapper.framework; name = SenTestingKit.framework; path = Library/Frameworks/SenTestingKit.framework; sourceTree = DEVELOPER_DIR; };
		A5FE327516FD333300BD11C7 /* SudokuTests-Info.plist */ = {isa = PBXFileReference; lastKnownFileType = text.plist.xml; path = "SudokuTests-Info.plist"; sourceTree = "<group>"; };
		A5FE327716FD333300BD11C7 /* en */ = {isa = PBXFileReference; lastKnownFileType = text.plist.strings; name = en; path = en.lproj/InfoPlist.strings; sourceTree = "<group>"; };
		A5FE327916FD333300BD11C7 /* SudokuTests.h */ = {isa = PBXFileReference; lastKnownFileType = sourcecode.c.h; path = SudokuTests.h; sourceTree = "<group>"; };
		A5FE327A16FD333300BD11C7 /* SudokuTests.m */ = {isa = PBXFileReference; lastKnownFileType = sourcecode.c.objc; path = SudokuTests.m; sourceTree = "<group>"; };
		A5FE328516FD335F00BD11C7 /* config.h */ = {isa = PBXFileReference; fileEncoding = 4; lastKnownFileType = sourcecode.c.h; path = config.h; sourceTree = "<group>"; };
		A5FE328616FD335F00BD11C7 /* qqwing.cpp */ = {isa = PBXFileReference; fileEncoding = 4; lastKnownFileType = sourcecode.cpp.cpp; path = qqwing.cpp; sourceTree = "<group>"; };
		A5FE328716FD335F00BD11C7 /* qqwing.h */ = {isa = PBXFileReference; fileEncoding = 4; lastKnownFileType = sourcecode.c.h; path = qqwing.h; sourceTree = "<group>"; };
		A5FE328916FD337B00BD11C7 /* SudokuModel.h */ = {isa = PBXFileReference; fileEncoding = 4; lastKnownFileType = sourcecode.c.h; path = SudokuModel.h; sourceTree = "<group>"; };
		A5FE328A16FD337B00BD11C7 /* SudokuModel.mm */ = {isa = PBXFileReference; fileEncoding = 4; lastKnownFileType = sourcecode.cpp.objcpp; path = SudokuModel.mm; sourceTree = "<group>"; };
		A5FE328C16FD338A00BD11C7 /* SudokuWindowController.h */ = {isa = PBXFileReference; fileEncoding = 4; lastKnownFileType = sourcecode.c.h; path = SudokuWindowController.h; sourceTree = "<group>"; };
		A5FE328D16FD338A00BD11C7 /* SudokuWindowController.m */ = {isa = PBXFileReference; fileEncoding = 4; lastKnownFileType = sourcecode.c.objc; path = SudokuWindowController.m; sourceTree = "<group>"; };
		A5FE328F16FD33AA00BD11C7 /* SudokuView.h */ = {isa = PBXFileReference; fileEncoding = 4; lastKnownFileType = sourcecode.c.h; path = SudokuView.h; sourceTree = "<group>"; };
		A5FE329016FD33AA00BD11C7 /* SudokuView.m */ = {isa = PBXFileReference; fileEncoding = 4; lastKnownFileType = sourcecode.c.objc; path = SudokuView.m; sourceTree = "<group>"; };
		A5FE329216FD33B900BD11C7 /* SudokuWindow.xib */ = {isa = PBXFileReference; fileEncoding = 4; lastKnownFileType = file.xib; path = SudokuWindow.xib; sourceTree = "<group>"; };
/* End PBXFileReference section */

/* Begin PBXFrameworksBuildPhase section */
		A5FE324A16FD333200BD11C7 /* Frameworks */ = {
			isa = PBXFrameworksBuildPhase;
			buildActionMask = 2147483647;
			files = (
				A5FE325116FD333200BD11C7 /* Cocoa.framework in Frameworks */,
			);
			runOnlyForDeploymentPostprocessing = 0;
		};
		A5FE326916FD333300BD11C7 /* Frameworks */ = {
			isa = PBXFrameworksBuildPhase;
			buildActionMask = 2147483647;
			files = (
				A5FE326F16FD333300BD11C7 /* SenTestingKit.framework in Frameworks */,
				A5FE327016FD333300BD11C7 /* Cocoa.framework in Frameworks */,
			);
			runOnlyForDeploymentPostprocessing = 0;
		};
/* End PBXFrameworksBuildPhase section */

/* Begin PBXGroup section */
		A5FE324416FD333200BD11C7 = {
			isa = PBXGroup;
			children = (
				A5FE328416FD335F00BD11C7 /* qqwing (preconfigured) */,
				A5FE325616FD333200BD11C7 /* Sudoku */,
				A5FE327316FD333300BD11C7 /* SudokuTests */,
				A5FE324F16FD333200BD11C7 /* Frameworks */,
				A5FE324E16FD333200BD11C7 /* Products */,
			);
			sourceTree = "<group>";
		};
		A5FE324E16FD333200BD11C7 /* Products */ = {
			isa = PBXGroup;
			children = (
				A5FE324D16FD333200BD11C7 /* Sudoku.app */,
				A5FE326D16FD333300BD11C7 /* SudokuTests.octest */,
			);
			name = Products;
			sourceTree = "<group>";
		};
		A5FE324F16FD333200BD11C7 /* Frameworks */ = {
			isa = PBXGroup;
			children = (
				A5FE325016FD333200BD11C7 /* Cocoa.framework */,
				A5FE326E16FD333300BD11C7 /* SenTestingKit.framework */,
				A5FE325216FD333200BD11C7 /* Other Frameworks */,
			);
			name = Frameworks;
			sourceTree = "<group>";
		};
		A5FE325216FD333200BD11C7 /* Other Frameworks */ = {
			isa = PBXGroup;
			children = (
				A5FE325316FD333200BD11C7 /* AppKit.framework */,
				A5FE325416FD333200BD11C7 /* CoreData.framework */,
				A5FE325516FD333200BD11C7 /* Foundation.framework */,
			);
			name = "Other Frameworks";
			sourceTree = "<group>";
		};
		A5FE325616FD333200BD11C7 /* Sudoku */ = {
			isa = PBXGroup;
			children = (
				A5FE326216FD333200BD11C7 /* SudokuAppDelegate.h */,
				A5FE326316FD333200BD11C7 /* SudokuAppDelegate.m */,
				A5FE328916FD337B00BD11C7 /* SudokuModel.h */,
				A5FE328A16FD337B00BD11C7 /* SudokuModel.mm */,
				A5FE328C16FD338A00BD11C7 /* SudokuWindowController.h */,
				A5FE328D16FD338A00BD11C7 /* SudokuWindowController.m */,
				A5FE328F16FD33AA00BD11C7 /* SudokuView.h */,
				A5FE329016FD33AA00BD11C7 /* SudokuView.m */,
				A5FE329216FD33B900BD11C7 /* SudokuWindow.xib */,
				A5FE326516FD333200BD11C7 /* MainMenu.xib */,
				A5FE325716FD333200BD11C7 /* Supporting Files */,
			);
			path = Sudoku;
			sourceTree = "<group>";
		};
		A5FE325716FD333200BD11C7 /* Supporting Files */ = {
			isa = PBXGroup;
			children = (
				A5FE325816FD333200BD11C7 /* Sudoku-Info.plist */,
				A5FE325916FD333200BD11C7 /* InfoPlist.strings */,
				A5FE325C16FD333200BD11C7 /* main.m */,
				A5FE325E16FD333200BD11C7 /* Sudoku-Prefix.pch */,
				A5FE325F16FD333200BD11C7 /* Credits.rtf */,
			);
			name = "Supporting Files";
			sourceTree = "<group>";
		};
		A5FE327316FD333300BD11C7 /* SudokuTests */ = {
			isa = PBXGroup;
			children = (
				A5FE327916FD333300BD11C7 /* SudokuTests.h */,
				A5FE327A16FD333300BD11C7 /* SudokuTests.m */,
				A5FE327416FD333300BD11C7 /* Supporting Files */,
			);
			path = SudokuTests;
			sourceTree = "<group>";
		};
		A5FE327416FD333300BD11C7 /* Supporting Files */ = {
			isa = PBXGroup;
			children = (
				A5FE327516FD333300BD11C7 /* SudokuTests-Info.plist */,
				A5FE327616FD333300BD11C7 /* InfoPlist.strings */,
			);
			name = "Supporting Files";
			sourceTree = "<group>";
		};
		A5FE328416FD335F00BD11C7 /* qqwing (preconfigured) */ = {
			isa = PBXGroup;
			children = (
				A5FE328516FD335F00BD11C7 /* config.h */,
				A5FE328616FD335F00BD11C7 /* qqwing.cpp */,
				A5FE328716FD335F00BD11C7 /* qqwing.h */,
			);
			name = "qqwing (preconfigured)";
			path = "../qqwing (preconfigured)";
			sourceTree = "<group>";
		};
/* End PBXGroup section */

/* Begin PBXNativeTarget section */
		A5FE324C16FD333200BD11C7 /* Sudoku */ = {
			isa = PBXNativeTarget;
			buildConfigurationList = A5FE327E16FD333300BD11C7 /* Build configuration list for PBXNativeTarget "Sudoku" */;
			buildPhases = (
				A5FE324916FD333200BD11C7 /* Sources */,
				A5FE324A16FD333200BD11C7 /* Frameworks */,
				A5FE324B16FD333200BD11C7 /* Resources */,
			);
			buildRules = (
			);
			dependencies = (
			);
			name = Sudoku;
			productName = Sudoku;
			productReference = A5FE324D16FD333200BD11C7 /* Sudoku.app */;
			productType = "com.apple.product-type.application";
		};
		A5FE326C16FD333300BD11C7 /* SudokuTests */ = {
			isa = PBXNativeTarget;
			buildConfigurationList = A5FE328116FD333300BD11C7 /* Build configuration list for PBXNativeTarget "SudokuTests" */;
			buildPhases = (
				A5FE326816FD333300BD11C7 /* Sources */,
				A5FE326916FD333300BD11C7 /* Frameworks */,
				A5FE326A16FD333300BD11C7 /* Resources */,
				A5FE326B16FD333300BD11C7 /* ShellScript */,
			);
			buildRules = (
			);
			dependencies = (
				A5FE327216FD333300BD11C7 /* PBXTargetDependency */,
			);
			name = SudokuTests;
			productName = SudokuTests;
			productReference = A5FE326D16FD333300BD11C7 /* SudokuTests.octest */;
			productType = "com.apple.product-type.bundle";
		};
/* End PBXNativeTarget section */

/* Begin PBXProject section */
		A5FE324516FD333200BD11C7 /* Project object */ = {
			isa = PBXProject;
			attributes = {
				CLASSPREFIX = Sudoku;
				LastUpgradeCheck = 0460;
				ORGANIZATIONNAME = "Matthew Miller";
			};
			buildConfigurationList = A5FE324816FD333200BD11C7 /* Build configuration list for PBXProject "Sudoku" */;
			compatibilityVersion = "Xcode 3.2";
			developmentRegion = English;
			hasScannedForEncodings = 0;
			knownRegions = (
				en,
			);
			mainGroup = A5FE324416FD333200BD11C7;
			productRefGroup = A5FE324E16FD333200BD11C7 /* Products */;
			projectDirPath = "";
			projectRoot = "";
			targets = (
				A5FE324C16FD333200BD11C7 /* Sudoku */,
				A5FE326C16FD333300BD11C7 /* SudokuTests */,
			);
		};
/* End PBXProject section */

/* Begin PBXResourcesBuildPhase section */
		A5FE324B16FD333200BD11C7 /* Resources */ = {
			isa = PBXResourcesBuildPhase;
			buildActionMask = 2147483647;
			files = (
				A5FE325B16FD333200BD11C7 /* InfoPlist.strings in Resources */,
				A5FE326116FD333200BD11C7 /* Credits.rtf in Resources */,
				A5FE326716FD333200BD11C7 /* MainMenu.xib in Resources */,
				A5FE329316FD33B900BD11C7 /* SudokuWindow.xib in Resources */,
			);
			runOnlyForDeploymentPostprocessing = 0;
		};
		A5FE326A16FD333300BD11C7 /* Resources */ = {
			isa = PBXResourcesBuildPhase;
			buildActionMask = 2147483647;
			files = (
				A5FE327816FD333300BD11C7 /* InfoPlist.strings in Resources */,
			);
			runOnlyForDeploymentPostprocessing = 0;
		};
/* End PBXResourcesBuildPhase section */

/* Begin PBXShellScriptBuildPhase section */
		A5FE326B16FD333300BD11C7 /* ShellScript */ = {
			isa = PBXShellScriptBuildPhase;
			buildActionMask = 2147483647;
			files = (
			);
			inputPaths = (
			);
			outputPaths = (
			);
			runOnlyForDeploymentPostprocessing = 0;
			shellPath = /bin/sh;
			shellScript = "# Run the unit tests in this test bundle.\n\"${SYSTEM_DEVELOPER_DIR}/Tools/RunUnitTests\"\n";
		};
/* End PBXShellScriptBuildPhase section */

/* Begin PBXSourcesBuildPhase section */
		A5FE324916FD333200BD11C7 /* Sources */ = {
			isa = PBXSourcesBuildPhase;
			buildActionMask = 2147483647;
			files = (
				A5FE325D16FD333200BD11C7 /* main.m in Sources */,
				A5FE326416FD333200BD11C7 /* SudokuAppDelegate.m in Sources */,
				A5FE328816FD335F00BD11C7 /* qqwing.cpp in Sources */,
				A5FE328B16FD337B00BD11C7 /* SudokuModel.mm in Sources */,
				A5FE328E16FD338A00BD11C7 /* SudokuWindowController.m in Sources */,
				A5FE329116FD33AA00BD11C7 /* SudokuView.m in Sources */,
			);
			runOnlyForDeploymentPostprocessing = 0;
		};
		A5FE326816FD333300BD11C7 /* Sources */ = {
			isa = PBXSourcesBuildPhase;
			buildActionMask = 2147483647;
			files = (
				A5FE327B16FD333300BD11C7 /* SudokuTests.m in Sources */,
			);
			runOnlyForDeploymentPostprocessing = 0;
		};
/* End PBXSourcesBuildPhase section */

/* Begin PBXTargetDependency section */
		A5FE327216FD333300BD11C7 /* PBXTargetDependency */ = {
			isa = PBXTargetDependency;
			target = A5FE324C16FD333200BD11C7 /* Sudoku */;
			targetProxy = A5FE327116FD333300BD11C7 /* PBXContainerItemProxy */;
		};
/* End PBXTargetDependency section */

/* Begin PBXVariantGroup section */
		A5FE325916FD333200BD11C7 /* InfoPlist.strings */ = {
			isa = PBXVariantGroup;
			children = (
				A5FE325A16FD333200BD11C7 /* en */,
			);
			name = InfoPlist.strings;
			sourceTree = "<group>";
		};
		A5FE325F16FD333200BD11C7 /* Credits.rtf */ = {
			isa = PBXVariantGroup;
			children = (
				A5FE326016FD333200BD11C7 /* en */,
			);
			name = Credits.rtf;
			sourceTree = "<group>";
		};
		A5FE326516FD333200BD11C7 /* MainMenu.xib */ = {
			isa = PBXVariantGroup;
			children = (
				A5FE326616FD333200BD11C7 /* en */,
			);
			name = MainMenu.xib;
			sourceTree = "<group>";
		};
		A5FE327616FD333300BD11C7 /* InfoPlist.strings */ = {
			isa = PBXVariantGroup;
			children = (
				A5FE327716FD333300BD11C7 /* en */,
			);
			name = InfoPlist.strings;
			sourceTree = "<group>";
		};
/* End PBXVariantGroup section */

/* Begin XCBuildConfiguration section */
		A5FE327C16FD333300BD11C7 /* Debug */ = {
			isa = XCBuildConfiguration;
			buildSettings = {
				ALWAYS_SEARCH_USER_PATHS = NO;
				ARCHS = "$(ARCHS_STANDARD_64_BIT)";
				CLANG_CXX_LANGUAGE_STANDARD = "gnu++0x";
				CLANG_CXX_LIBRARY = "libc++";
				CLANG_ENABLE_OBJC_ARC = YES;
				CLANG_WARN_CONSTANT_CONVERSION = YES;
				CLANG_WARN_EMPTY_BODY = YES;
				CLANG_WARN_ENUM_CONVERSION = YES;
				CLANG_WARN_INT_CONVERSION = YES;
				CLANG_WARN__DUPLICATE_METHOD_MATCH = YES;
				COPY_PHASE_STRIP = NO;
				GCC_C_LANGUAGE_STANDARD = gnu99;
				GCC_DYNAMIC_NO_PIC = NO;
				GCC_ENABLE_OBJC_EXCEPTIONS = YES;
				GCC_OPTIMIZATION_LEVEL = 0;
				GCC_PREPROCESSOR_DEFINITIONS = (
					"DEBUG=1",
					"$(inherited)",
				);
				GCC_SYMBOLS_PRIVATE_EXTERN = NO;
				GCC_WARN_64_TO_32_BIT_CONVERSION = YES;
				GCC_WARN_ABOUT_RETURN_TYPE = YES;
				GCC_WARN_UNINITIALIZED_AUTOS = YES;
				GCC_WARN_UNUSED_VARIABLE = YES;
				MACOSX_DEPLOYMENT_TARGET = 10.8;
				ONLY_ACTIVE_ARCH = YES;
				SDKROOT = macosx;
			};
			name = Debug;
		};
		A5FE327D16FD333300BD11C7 /* Release */ = {
			isa = XCBuildConfiguration;
			buildSettings = {
				ALWAYS_SEARCH_USER_PATHS = NO;
				ARCHS = "$(ARCHS_STANDARD_64_BIT)";
				CLANG_CXX_LANGUAGE_STANDARD = "gnu++0x";
				CLANG_CXX_LIBRARY = "libc++";
				CLANG_ENABLE_OBJC_ARC = YES;
				CLANG_WARN_CONSTANT_CONVERSION = YES;
				CLANG_WARN_EMPTY_BODY = YES;
				CLANG_WARN_ENUM_CONVERSION = YES;
				CLANG_WARN_INT_CONVERSION = YES;
				CLANG_WARN__DUPLICATE_METHOD_MATCH = YES;
				COPY_PHASE_STRIP = YES;
				DEBUG_INFORMATION_FORMAT = "dwarf-with-dsym";
				GCC_C_LANGUAGE_STANDARD = gnu99;
				GCC_ENABLE_OBJC_EXCEPTIONS = YES;
				GCC_WARN_64_TO_32_BIT_CONVERSION = YES;
				GCC_WARN_ABOUT_RETURN_TYPE = YES;
				GCC_WARN_UNINITIALIZED_AUTOS = YES;
				GCC_WARN_UNUSED_VARIABLE = YES;
				MACOSX_DEPLOYMENT_TARGET = 10.8;
				SDKROOT = macosx;
			};
			name = Release;
		};
		A5FE327F16FD333300BD11C7 /* Debug */ = {
			isa = XCBuildConfiguration;
			buildSettings = {
				COMBINE_HIDPI_IMAGES = YES;
				GCC_PRECOMPILE_PREFIX_HEADER = YES;
				GCC_PREFIX_HEADER = "Sudoku/Sudoku-Prefix.pch";
				INFOPLIST_FILE = "Sudoku/Sudoku-Info.plist";
				PRODUCT_NAME = "$(TARGET_NAME)";
				WRAPPER_EXTENSION = app;
			};
			name = Debug;
		};
		A5FE328016FD333300BD11C7 /* Release */ = {
			isa = XCBuildConfiguration;
			buildSettings = {
				COMBINE_HIDPI_IMAGES = YES;
				GCC_PRECOMPILE_PREFIX_HEADER = YES;
				GCC_PREFIX_HEADER = "Sudoku/Sudoku-Prefix.pch";
				INFOPLIST_FILE = "Sudoku/Sudoku-Info.plist";
				PRODUCT_NAME = "$(TARGET_NAME)";
				WRAPPER_EXTENSION = app;
			};
			name = Release;
		};
		A5FE328216FD333300BD11C7 /* Debug */ = {
			isa = XCBuildConfiguration;
			buildSettings = {
				BUNDLE_LOADER = "$(BUILT_PRODUCTS_DIR)/Sudoku.app/Contents/MacOS/Sudoku";
				COMBINE_HIDPI_IMAGES = YES;
				FRAMEWORK_SEARCH_PATHS = "\"$(DEVELOPER_LIBRARY_DIR)/Frameworks\"";
				GCC_PRECOMPILE_PREFIX_HEADER = YES;
				GCC_PREFIX_HEADER = "Sudoku/Sudoku-Prefix.pch";
				INFOPLIST_FILE = "SudokuTests/SudokuTests-Info.plist";
				PRODUCT_NAME = "$(TARGET_NAME)";
				TEST_HOST = "$(BUNDLE_LOADER)";
				WRAPPER_EXTENSION = octest;
			};
			name = Debug;
		};
		A5FE328316FD333300BD11C7 /* Release */ = {
			isa = XCBuildConfiguration;
			buildSettings = {
				BUNDLE_LOADER = "$(BUILT_PRODUCTS_DIR)/Sudoku.app/Contents/MacOS/Sudoku";
				COMBINE_HIDPI_IMAGES = YES;
				FRAMEWORK_SEARCH_PATHS = "\"$(DEVELOPER_LIBRARY_DIR)/Frameworks\"";
				GCC_PRECOMPILE_PREFIX_HEADER = YES;
				GCC_PREFIX_HEADER = "Sudoku/Sudoku-Prefix.pch";
				INFOPLIST_FILE = "SudokuTests/SudokuTests-Info.plist";
				PRODUCT_NAME = "$(TARGET_NAME)";
				TEST_HOST = "$(BUNDLE_LOADER)";
				WRAPPER_EXTENSION = octest;
			};
			name = Release;
		};
/* End XCBuildConfiguration section */

/* Begin XCConfigurationList section */
		A5FE324816FD333200BD11C7 /* Build configuration list for PBXProject "Sudoku" */ = {
			isa = XCConfigurationList;
			buildConfigurations = (
				A5FE327C16FD333300BD11C7 /* Debug */,
				A5FE327D16FD333300BD11C7 /* Release */,
			);
			defaultConfigurationIsVisible = 0;
			defaultConfigurationName = Release;
		};
		A5FE327E16FD333300BD11C7 /* Build configuration list for PBXNativeTarget "Sudoku" */ = {
			isa = XCConfigurationList;
			buildConfigurations = (
				A5FE327F16FD333300BD11C7 /* Debug */,
				A5FE328016FD333300BD11C7 /* Release */,
			);
			defaultConfigurationIsVisible = 0;
		};
		A5FE328116FD333300BD11C7 /* Build configuration list for PBXNativeTarget "SudokuTests" */ = {
			isa = XCConfigurationList;
			buildConfigurations = (
				A5FE328216FD333300BD11C7 /* Debug */,
				A5FE328316FD333300BD11C7 /* Release */,
			);
			defaultConfigurationIsVisible = 0;
		};
/* End XCConfigurationList section */
	};
	rootObject = A5FE324516FD333200BD11C7 /* Project object */;
}
