// !$*UTF8*$!
{
	archiveVersion = 1;
	classes = {
	};
	objectVersion = 46;
	objects = {

/* Begin PBXBuildFile section */
		A557249216FCE37800898710 /* Cocoa.framework in Frameworks */ = {isa = PBXBuildFile; fileRef = A557249116FCE37800898710 /* Cocoa.framework */; };
		A557249C16FCE37800898710 /* InfoPlist.strings in Resources */ = {isa = PBXBuildFile; fileRef = A557249A16FCE37800898710 /* InfoPlist.strings */; };
		A557249E16FCE37800898710 /* main.m in Sources */ = {isa = PBXBuildFile; fileRef = A557249D16FCE37800898710 /* main.m */; };
		A55724A216FCE37800898710 /* Credits.rtf in Resources */ = {isa = PBXBuildFile; fileRef = A55724A016FCE37800898710 /* Credits.rtf */; };
		A55724A516FCE37800898710 /* SudokuAppDelegate.m in Sources */ = {isa = PBXBuildFile; fileRef = A55724A416FCE37800898710 /* SudokuAppDelegate.m */; };
		A55724A816FCE37900898710 /* MainMenu.xib in Resources */ = {isa = PBXBuildFile; fileRef = A55724A616FCE37900898710 /* MainMenu.xib */; };
		A55724B016FCE37900898710 /* SenTestingKit.framework in Frameworks */ = {isa = PBXBuildFile; fileRef = A55724AF16FCE37900898710 /* SenTestingKit.framework */; };
		A55724B116FCE37900898710 /* Cocoa.framework in Frameworks */ = {isa = PBXBuildFile; fileRef = A557249116FCE37800898710 /* Cocoa.framework */; };
		A55724B916FCE37900898710 /* InfoPlist.strings in Resources */ = {isa = PBXBuildFile; fileRef = A55724B716FCE37900898710 /* InfoPlist.strings */; };
		A55724BC16FCE37900898710 /* SudokuFinalTests.m in Sources */ = {isa = PBXBuildFile; fileRef = A55724BB16FCE37900898710 /* SudokuFinalTests.m */; };
		A55724C716FCE38700898710 /* SudokoView.m in Sources */ = {isa = PBXBuildFile; fileRef = A55724C616FCE38700898710 /* SudokoView.m */; };
		A55724CA16FCE39800898710 /* SudokuModel.m in Sources */ = {isa = PBXBuildFile; fileRef = A55724C916FCE39800898710 /* SudokuModel.m */; };
		A55724CD16FCE3C800898710 /* SudokuWindowController.m in Sources */ = {isa = PBXBuildFile; fileRef = A55724CC16FCE3C800898710 /* SudokuWindowController.m */; };
		A55724CF16FCE3F400898710 /* SudokuWindow.xib in Resources */ = {isa = PBXBuildFile; fileRef = A55724CE16FCE3F400898710 /* SudokuWindow.xib */; };
/* End PBXBuildFile section */

/* Begin PBXContainerItemProxy section */
		A55724B216FCE37900898710 /* PBXContainerItemProxy */ = {
			isa = PBXContainerItemProxy;
			containerPortal = A557248616FCE37800898710 /* Project object */;
			proxyType = 1;
			remoteGlobalIDString = A557248D16FCE37800898710;
			remoteInfo = SudokuFinal;
		};
/* End PBXContainerItemProxy section */

/* Begin PBXFileReference section */
		A557248E16FCE37800898710 /* SudokuFinal.app */ = {isa = PBXFileReference; explicitFileType = wrapper.application; includeInIndex = 0; path = SudokuFinal.app; sourceTree = BUILT_PRODUCTS_DIR; };
		A557249116FCE37800898710 /* Cocoa.framework */ = {isa = PBXFileReference; lastKnownFileType = wrapper.framework; name = Cocoa.framework; path = System/Library/Frameworks/Cocoa.framework; sourceTree = SDKROOT; };
		A557249416FCE37800898710 /* AppKit.framework */ = {isa = PBXFileReference; lastKnownFileType = wrapper.framework; name = AppKit.framework; path = System/Library/Frameworks/AppKit.framework; sourceTree = SDKROOT; };
		A557249516FCE37800898710 /* CoreData.framework */ = {isa = PBXFileReference; lastKnownFileType = wrapper.framework; name = CoreData.framework; path = System/Library/Frameworks/CoreData.framework; sourceTree = SDKROOT; };
		A557249616FCE37800898710 /* Foundation.framework */ = {isa = PBXFileReference; lastKnownFileType = wrapper.framework; name = Foundation.framework; path = System/Library/Frameworks/Foundation.framework; sourceTree = SDKROOT; };
		A557249916FCE37800898710 /* SudokuFinal-Info.plist */ = {isa = PBXFileReference; lastKnownFileType = text.plist.xml; path = "SudokuFinal-Info.plist"; sourceTree = "<group>"; };
		A557249B16FCE37800898710 /* en */ = {isa = PBXFileReference; lastKnownFileType = text.plist.strings; name = en; path = en.lproj/InfoPlist.strings; sourceTree = "<group>"; };
		A557249D16FCE37800898710 /* main.m */ = {isa = PBXFileReference; lastKnownFileType = sourcecode.c.objc; path = main.m; sourceTree = "<group>"; };
		A557249F16FCE37800898710 /* SudokuFinal-Prefix.pch */ = {isa = PBXFileReference; lastKnownFileType = sourcecode.c.h; path = "SudokuFinal-Prefix.pch"; sourceTree = "<group>"; };
		A55724A116FCE37800898710 /* en */ = {isa = PBXFileReference; lastKnownFileType = text.rtf; name = en; path = en.lproj/Credits.rtf; sourceTree = "<group>"; };
		A55724A316FCE37800898710 /* SudokuAppDelegate.h */ = {isa = PBXFileReference; lastKnownFileType = sourcecode.c.h; path = SudokuAppDelegate.h; sourceTree = "<group>"; };
		A55724A416FCE37800898710 /* SudokuAppDelegate.m */ = {isa = PBXFileReference; lastKnownFileType = sourcecode.c.objc; path = SudokuAppDelegate.m; sourceTree = "<group>"; };
		A55724A716FCE37900898710 /* en */ = {isa = PBXFileReference; lastKnownFileType = file.xib; name = en; path = en.lproj/MainMenu.xib; sourceTree = "<group>"; };
		A55724AE16FCE37900898710 /* SudokuFinalTests.octest */ = {isa = PBXFileReference; explicitFileType = wrapper.cfbundle; includeInIndex = 0; path = SudokuFinalTests.octest; sourceTree = BUILT_PRODUCTS_DIR; };
		A55724AF16FCE37900898710 /* SenTestingKit.framework */ = {isa = PBXFileReference; lastKnownFileType = wrapper.framework; name = SenTestingKit.framework; path = Library/Frameworks/SenTestingKit.framework; sourceTree = DEVELOPER_DIR; };
		A55724B616FCE37900898710 /* SudokuFinalTests-Info.plist */ = {isa = PBXFileReference; lastKnownFileType = text.plist.xml; path = "SudokuFinalTests-Info.plist"; sourceTree = "<group>"; };
		A55724B816FCE37900898710 /* en */ = {isa = PBXFileReference; lastKnownFileType = text.plist.strings; name = en; path = en.lproj/InfoPlist.strings; sourceTree = "<group>"; };
		A55724BA16FCE37900898710 /* SudokuFinalTests.h */ = {isa = PBXFileReference; lastKnownFileType = sourcecode.c.h; path = SudokuFinalTests.h; sourceTree = "<group>"; };
		A55724BB16FCE37900898710 /* SudokuFinalTests.m */ = {isa = PBXFileReference; lastKnownFileType = sourcecode.c.objc; path = SudokuFinalTests.m; sourceTree = "<group>"; };
		A55724C516FCE38700898710 /* SudokoView.h */ = {isa = PBXFileReference; fileEncoding = 4; lastKnownFileType = sourcecode.c.h; path = SudokoView.h; sourceTree = "<group>"; };
		A55724C616FCE38700898710 /* SudokoView.m */ = {isa = PBXFileReference; fileEncoding = 4; lastKnownFileType = sourcecode.c.objc; path = SudokoView.m; sourceTree = "<group>"; };
		A55724C816FCE39800898710 /* SudokuModel.h */ = {isa = PBXFileReference; fileEncoding = 4; lastKnownFileType = sourcecode.c.h; path = SudokuModel.h; sourceTree = "<group>"; };
		A55724C916FCE39800898710 /* SudokuModel.m */ = {isa = PBXFileReference; fileEncoding = 4; lastKnownFileType = sourcecode.c.objc; path = SudokuModel.m; sourceTree = "<group>"; };
		A55724CB16FCE3C800898710 /* SudokuWindowController.h */ = {isa = PBXFileReference; fileEncoding = 4; lastKnownFileType = sourcecode.c.h; path = SudokuWindowController.h; sourceTree = "<group>"; };
		A55724CC16FCE3C800898710 /* SudokuWindowController.m */ = {isa = PBXFileReference; fileEncoding = 4; lastKnownFileType = sourcecode.c.objc; path = SudokuWindowController.m; sourceTree = "<group>"; };
		A55724CE16FCE3F400898710 /* SudokuWindow.xib */ = {isa = PBXFileReference; fileEncoding = 4; lastKnownFileType = file.xib; path = SudokuWindow.xib; sourceTree = "<group>"; };
/* End PBXFileReference section */

/* Begin PBXFrameworksBuildPhase section */
		A557248B16FCE37800898710 /* Frameworks */ = {
			isa = PBXFrameworksBuildPhase;
			buildActionMask = 2147483647;
			files = (
				A557249216FCE37800898710 /* Cocoa.framework in Frameworks */,
			);
			runOnlyForDeploymentPostprocessing = 0;
		};
		A55724AA16FCE37900898710 /* Frameworks */ = {
			isa = PBXFrameworksBuildPhase;
			buildActionMask = 2147483647;
			files = (
				A55724B016FCE37900898710 /* SenTestingKit.framework in Frameworks */,
				A55724B116FCE37900898710 /* Cocoa.framework in Frameworks */,
			);
			runOnlyForDeploymentPostprocessing = 0;
		};
/* End PBXFrameworksBuildPhase section */

/* Begin PBXGroup section */
		A557248516FCE37800898710 = {
			isa = PBXGroup;
			children = (
				A557249716FCE37800898710 /* SudokuFinal */,
				A55724B416FCE37900898710 /* SudokuFinalTests */,
				A557249016FCE37800898710 /* Frameworks */,
				A557248F16FCE37800898710 /* Products */,
			);
			sourceTree = "<group>";
		};
		A557248F16FCE37800898710 /* Products */ = {
			isa = PBXGroup;
			children = (
				A557248E16FCE37800898710 /* SudokuFinal.app */,
				A55724AE16FCE37900898710 /* SudokuFinalTests.octest */,
			);
			name = Products;
			sourceTree = "<group>";
		};
		A557249016FCE37800898710 /* Frameworks */ = {
			isa = PBXGroup;
			children = (
				A557249116FCE37800898710 /* Cocoa.framework */,
				A55724AF16FCE37900898710 /* SenTestingKit.framework */,
				A557249316FCE37800898710 /* Other Frameworks */,
			);
			name = Frameworks;
			sourceTree = "<group>";
		};
		A557249316FCE37800898710 /* Other Frameworks */ = {
			isa = PBXGroup;
			children = (
				A557249416FCE37800898710 /* AppKit.framework */,
				A557249516FCE37800898710 /* CoreData.framework */,
				A557249616FCE37800898710 /* Foundation.framework */,
			);
			name = "Other Frameworks";
			sourceTree = "<group>";
		};
		A557249716FCE37800898710 /* SudokuFinal */ = {
			isa = PBXGroup;
			children = (
				A55724A316FCE37800898710 /* SudokuAppDelegate.h */,
				A55724A416FCE37800898710 /* SudokuAppDelegate.m */,
				A55724A616FCE37900898710 /* MainMenu.xib */,
				A557249816FCE37800898710 /* Supporting Files */,
				A55724C516FCE38700898710 /* SudokoView.h */,
				A55724CB16FCE3C800898710 /* SudokuWindowController.h */,
				A55724CE16FCE3F400898710 /* SudokuWindow.xib */,
				A55724CC16FCE3C800898710 /* SudokuWindowController.m */,
				A55724C616FCE38700898710 /* SudokoView.m */,
				A55724C816FCE39800898710 /* SudokuModel.h */,
				A55724C916FCE39800898710 /* SudokuModel.m */,
			);
			path = SudokuFinal;
			sourceTree = "<group>";
		};
		A557249816FCE37800898710 /* Supporting Files */ = {
			isa = PBXGroup;
			children = (
				A557249916FCE37800898710 /* SudokuFinal-Info.plist */,
				A557249A16FCE37800898710 /* InfoPlist.strings */,
				A557249D16FCE37800898710 /* main.m */,
				A557249F16FCE37800898710 /* SudokuFinal-Prefix.pch */,
				A55724A016FCE37800898710 /* Credits.rtf */,
			);
			name = "Supporting Files";
			sourceTree = "<group>";
		};
		A55724B416FCE37900898710 /* SudokuFinalTests */ = {
			isa = PBXGroup;
			children = (
				A55724BA16FCE37900898710 /* SudokuFinalTests.h */,
				A55724BB16FCE37900898710 /* SudokuFinalTests.m */,
				A55724B516FCE37900898710 /* Supporting Files */,
			);
			path = SudokuFinalTests;
			sourceTree = "<group>";
		};
		A55724B516FCE37900898710 /* Supporting Files */ = {
			isa = PBXGroup;
			children = (
				A55724B616FCE37900898710 /* SudokuFinalTests-Info.plist */,
				A55724B716FCE37900898710 /* InfoPlist.strings */,
			);
			name = "Supporting Files";
			sourceTree = "<group>";
		};
/* End PBXGroup section */

/* Begin PBXNativeTarget section */
		A557248D16FCE37800898710 /* SudokuFinal */ = {
			isa = PBXNativeTarget;
			buildConfigurationList = A55724BF16FCE37900898710 /* Build configuration list for PBXNativeTarget "SudokuFinal" */;
			buildPhases = (
				A557248A16FCE37800898710 /* Sources */,
				A557248B16FCE37800898710 /* Frameworks */,
				A557248C16FCE37800898710 /* Resources */,
			);
			buildRules = (
			);
			dependencies = (
			);
			name = SudokuFinal;
			productName = SudokuFinal;
			productReference = A557248E16FCE37800898710 /* SudokuFinal.app */;
			productType = "com.apple.product-type.application";
		};
		A55724AD16FCE37900898710 /* SudokuFinalTests */ = {
			isa = PBXNativeTarget;
			buildConfigurationList = A55724C216FCE37900898710 /* Build configuration list for PBXNativeTarget "SudokuFinalTests" */;
			buildPhases = (
				A55724A916FCE37900898710 /* Sources */,
				A55724AA16FCE37900898710 /* Frameworks */,
				A55724AB16FCE37900898710 /* Resources */,
				A55724AC16FCE37900898710 /* ShellScript */,
			);
			buildRules = (
			);
			dependencies = (
				A55724B316FCE37900898710 /* PBXTargetDependency */,
			);
			name = SudokuFinalTests;
			productName = SudokuFinalTests;
			productReference = A55724AE16FCE37900898710 /* SudokuFinalTests.octest */;
			productType = "com.apple.product-type.bundle";
		};
/* End PBXNativeTarget section */

/* Begin PBXProject section */
		A557248616FCE37800898710 /* Project object */ = {
			isa = PBXProject;
			attributes = {
				CLASSPREFIX = Sudoku;
				LastUpgradeCheck = 0460;
				ORGANIZATIONNAME = "Matthew Miller";
			};
			buildConfigurationList = A557248916FCE37800898710 /* Build configuration list for PBXProject "SudokuFinal" */;
			compatibilityVersion = "Xcode 3.2";
			developmentRegion = English;
			hasScannedForEncodings = 0;
			knownRegions = (
				en,
			);
			mainGroup = A557248516FCE37800898710;
			productRefGroup = A557248F16FCE37800898710 /* Products */;
			projectDirPath = "";
			projectRoot = "";
			targets = (
				A557248D16FCE37800898710 /* SudokuFinal */,
				A55724AD16FCE37900898710 /* SudokuFinalTests */,
			);
		};
/* End PBXProject section */

/* Begin PBXResourcesBuildPhase section */
		A557248C16FCE37800898710 /* Resources */ = {
			isa = PBXResourcesBuildPhase;
			buildActionMask = 2147483647;
			files = (
				A557249C16FCE37800898710 /* InfoPlist.strings in Resources */,
				A55724A216FCE37800898710 /* Credits.rtf in Resources */,
				A55724A816FCE37900898710 /* MainMenu.xib in Resources */,
				A55724CF16FCE3F400898710 /* SudokuWindow.xib in Resources */,
			);
			runOnlyForDeploymentPostprocessing = 0;
		};
		A55724AB16FCE37900898710 /* Resources */ = {
			isa = PBXResourcesBuildPhase;
			buildActionMask = 2147483647;
			files = (
				A55724B916FCE37900898710 /* InfoPlist.strings in Resources */,
			);
			runOnlyForDeploymentPostprocessing = 0;
		};
/* End PBXResourcesBuildPhase section */

/* Begin PBXShellScriptBuildPhase section */
		A55724AC16FCE37900898710 /* ShellScript */ = {
			isa = PBXShellScriptBuildPhase;
			buildActionMask = 2147483647;
			files = (
			);
			inputPaths = (
			);
			outputPaths = (
			);
			runOnlyForDeploymentPostprocessing = 0;
			shellPath = /bin/sh;
			shellScript = "# Run the unit tests in this test bundle.\n\"${SYSTEM_DEVELOPER_DIR}/Tools/RunUnitTests\"\n";
		};
/* End PBXShellScriptBuildPhase section */

/* Begin PBXSourcesBuildPhase section */
		A557248A16FCE37800898710 /* Sources */ = {
			isa = PBXSourcesBuildPhase;
			buildActionMask = 2147483647;
			files = (
				A557249E16FCE37800898710 /* main.m in Sources */,
				A55724A516FCE37800898710 /* SudokuAppDelegate.m in Sources */,
				A55724C716FCE38700898710 /* SudokoView.m in Sources */,
				A55724CA16FCE39800898710 /* SudokuModel.m in Sources */,
				A55724CD16FCE3C800898710 /* SudokuWindowController.m in Sources */,
			);
			runOnlyForDeploymentPostprocessing = 0;
		};
		A55724A916FCE37900898710 /* Sources */ = {
			isa = PBXSourcesBuildPhase;
			buildActionMask = 2147483647;
			files = (
				A55724BC16FCE37900898710 /* SudokuFinalTests.m in Sources */,
			);
			runOnlyForDeploymentPostprocessing = 0;
		};
/* End PBXSourcesBuildPhase section */

/* Begin PBXTargetDependency section */
		A55724B316FCE37900898710 /* PBXTargetDependency */ = {
			isa = PBXTargetDependency;
			target = A557248D16FCE37800898710 /* SudokuFinal */;
			targetProxy = A55724B216FCE37900898710 /* PBXContainerItemProxy */;
		};
/* End PBXTargetDependency section */

/* Begin PBXVariantGroup section */
		A557249A16FCE37800898710 /* InfoPlist.strings */ = {
			isa = PBXVariantGroup;
			children = (
				A557249B16FCE37800898710 /* en */,
			);
			name = InfoPlist.strings;
			sourceTree = "<group>";
		};
		A55724A016FCE37800898710 /* Credits.rtf */ = {
			isa = PBXVariantGroup;
			children = (
				A55724A116FCE37800898710 /* en */,
			);
			name = Credits.rtf;
			sourceTree = "<group>";
		};
		A55724A616FCE37900898710 /* MainMenu.xib */ = {
			isa = PBXVariantGroup;
			children = (
				A55724A716FCE37900898710 /* en */,
			);
			name = MainMenu.xib;
			sourceTree = "<group>";
		};
		A55724B716FCE37900898710 /* InfoPlist.strings */ = {
			isa = PBXVariantGroup;
			children = (
				A55724B816FCE37900898710 /* en */,
			);
			name = InfoPlist.strings;
			sourceTree = "<group>";
		};
/* End PBXVariantGroup section */

/* Begin XCBuildConfiguration section */
		A55724BD16FCE37900898710 /* Debug */ = {
			isa = XCBuildConfiguration;
			buildSettings = {
				ALWAYS_SEARCH_USER_PATHS = NO;
				ARCHS = "$(ARCHS_STANDARD_64_BIT)";
				CLANG_CXX_LANGUAGE_STANDARD = "gnu++0x";
				CLANG_CXX_LIBRARY = "libc++";
				CLANG_ENABLE_OBJC_ARC = YES;
				CLANG_WARN_CONSTANT_CONVERSION = YES;
				CLANG_WARN_EMPTY_BODY = YES;
				CLANG_WARN_ENUM_CONVERSION = YES;
				CLANG_WARN_INT_CONVERSION = YES;
				CLANG_WARN__DUPLICATE_METHOD_MATCH = YES;
				COPY_PHASE_STRIP = NO;
				GCC_C_LANGUAGE_STANDARD = gnu99;
				GCC_DYNAMIC_NO_PIC = NO;
				GCC_ENABLE_OBJC_EXCEPTIONS = YES;
				GCC_OPTIMIZATION_LEVEL = 0;
				GCC_PREPROCESSOR_DEFINITIONS = (
					"DEBUG=1",
					"$(inherited)",
				);
				GCC_SYMBOLS_PRIVATE_EXTERN = NO;
				GCC_WARN_64_TO_32_BIT_CONVERSION = YES;
				GCC_WARN_ABOUT_RETURN_TYPE = YES;
				GCC_WARN_UNINITIALIZED_AUTOS = YES;
				GCC_WARN_UNUSED_VARIABLE = YES;
				MACOSX_DEPLOYMENT_TARGET = 10.8;
				ONLY_ACTIVE_ARCH = YES;
				SDKROOT = macosx;
			};
			name = Debug;
		};
		A55724BE16FCE37900898710 /* Release */ = {
			isa = XCBuildConfiguration;
			buildSettings = {
				ALWAYS_SEARCH_USER_PATHS = NO;
				ARCHS = "$(ARCHS_STANDARD_64_BIT)";
				CLANG_CXX_LANGUAGE_STANDARD = "gnu++0x";
				CLANG_CXX_LIBRARY = "libc++";
				CLANG_ENABLE_OBJC_ARC = YES;
				CLANG_WARN_CONSTANT_CONVERSION = YES;
				CLANG_WARN_EMPTY_BODY = YES;
				CLANG_WARN_ENUM_CONVERSION = YES;
				CLANG_WARN_INT_CONVERSION = YES;
				CLANG_WARN__DUPLICATE_METHOD_MATCH = YES;
				COPY_PHASE_STRIP = YES;
				DEBUG_INFORMATION_FORMAT = "dwarf-with-dsym";
				GCC_C_LANGUAGE_STANDARD = gnu99;
				GCC_ENABLE_OBJC_EXCEPTIONS = YES;
				GCC_WARN_64_TO_32_BIT_CONVERSION = YES;
				GCC_WARN_ABOUT_RETURN_TYPE = YES;
				GCC_WARN_UNINITIALIZED_AUTOS = YES;
				GCC_WARN_UNUSED_VARIABLE = YES;
				MACOSX_DEPLOYMENT_TARGET = 10.8;
				SDKROOT = macosx;
			};
			name = Release;
		};
		A55724C016FCE37900898710 /* Debug */ = {
			isa = XCBuildConfiguration;
			buildSettings = {
				COMBINE_HIDPI_IMAGES = YES;
				GCC_PRECOMPILE_PREFIX_HEADER = YES;
				GCC_PREFIX_HEADER = "SudokuFinal/SudokuFinal-Prefix.pch";
				INFOPLIST_FILE = "SudokuFinal/SudokuFinal-Info.plist";
				PRODUCT_NAME = "$(TARGET_NAME)";
				WRAPPER_EXTENSION = app;
			};
			name = Debug;
		};
		A55724C116FCE37900898710 /* Release */ = {
			isa = XCBuildConfiguration;
			buildSettings = {
				COMBINE_HIDPI_IMAGES = YES;
				GCC_PRECOMPILE_PREFIX_HEADER = YES;
				GCC_PREFIX_HEADER = "SudokuFinal/SudokuFinal-Prefix.pch";
				INFOPLIST_FILE = "SudokuFinal/SudokuFinal-Info.plist";
				PRODUCT_NAME = "$(TARGET_NAME)";
				WRAPPER_EXTENSION = app;
			};
			name = Release;
		};
		A55724C316FCE37900898710 /* Debug */ = {
			isa = XCBuildConfiguration;
			buildSettings = {
				BUNDLE_LOADER = "$(BUILT_PRODUCTS_DIR)/SudokuFinal.app/Contents/MacOS/SudokuFinal";
				COMBINE_HIDPI_IMAGES = YES;
				FRAMEWORK_SEARCH_PATHS = "\"$(DEVELOPER_LIBRARY_DIR)/Frameworks\"";
				GCC_PRECOMPILE_PREFIX_HEADER = YES;
				GCC_PREFIX_HEADER = "SudokuFinal/SudokuFinal-Prefix.pch";
				INFOPLIST_FILE = "SudokuFinalTests/SudokuFinalTests-Info.plist";
				PRODUCT_NAME = "$(TARGET_NAME)";
				TEST_HOST = "$(BUNDLE_LOADER)";
				WRAPPER_EXTENSION = octest;
			};
			name = Debug;
		};
		A55724C416FCE37900898710 /* Release */ = {
			isa = XCBuildConfiguration;
			buildSettings = {
				BUNDLE_LOADER = "$(BUILT_PRODUCTS_DIR)/SudokuFinal.app/Contents/MacOS/SudokuFinal";
				COMBINE_HIDPI_IMAGES = YES;
				FRAMEWORK_SEARCH_PATHS = "\"$(DEVELOPER_LIBRARY_DIR)/Frameworks\"";
				GCC_PRECOMPILE_PREFIX_HEADER = YES;
				GCC_PREFIX_HEADER = "SudokuFinal/SudokuFinal-Prefix.pch";
				INFOPLIST_FILE = "SudokuFinalTests/SudokuFinalTests-Info.plist";
				PRODUCT_NAME = "$(TARGET_NAME)";
				TEST_HOST = "$(BUNDLE_LOADER)";
				WRAPPER_EXTENSION = octest;
			};
			name = Release;
		};
/* End XCBuildConfiguration section */

/* Begin XCConfigurationList section */
		A557248916FCE37800898710 /* Build configuration list for PBXProject "SudokuFinal" */ = {
			isa = XCConfigurationList;
			buildConfigurations = (
				A55724BD16FCE37900898710 /* Debug */,
				A55724BE16FCE37900898710 /* Release */,
			);
			defaultConfigurationIsVisible = 0;
			defaultConfigurationName = Release;
		};
		A55724BF16FCE37900898710 /* Build configuration list for PBXNativeTarget "SudokuFinal" */ = {
			isa = XCConfigurationList;
			buildConfigurations = (
				A55724C016FCE37900898710 /* Debug */,
				A55724C116FCE37900898710 /* Release */,
			);
			defaultConfigurationIsVisible = 0;
		};
		A55724C216FCE37900898710 /* Build configuration list for PBXNativeTarget "SudokuFinalTests" */ = {
			isa = XCConfigurationList;
			buildConfigurations = (
				A55724C316FCE37900898710 /* Debug */,
				A55724C416FCE37900898710 /* Release */,
			);
			defaultConfigurationIsVisible = 0;
		};
/* End XCConfigurationList section */
	};
	rootObject = A557248616FCE37800898710 /* Project object */;
}
